{
  "version": 4,
  "terraform_version": "1.3.7",
  "serial": 15,
  "lineage": "77ac0be3-5219-e6f5-d9ac-c517c47b023c",
  "outputs": {},
  "resources": [
    {
      "mode": "managed",
      "type": "azurerm_linux_function_app",
      "name": "cdt-bff-test",
      "provider": "provider[\"registry.terraform.io/hashicorp/azurerm\"]",
      "instances": [
        {
          "schema_version": 0,
          "attributes": {
            "app_settings": null,
            "auth_settings": [
              {
                "active_directory": [],
                "additional_login_parameters": {},
                "allowed_external_redirect_urls": [],
                "default_provider": "",
                "enabled": false,
                "facebook": [],
                "github": [],
                "google": [],
                "issuer": "",
                "microsoft": [],
                "runtime_version": "",
                "token_refresh_extension_hours": 0,
                "token_store_enabled": false,
                "twitter": [],
                "unauthenticated_client_action": ""
              }
            ],
            "backup": [],
            "builtin_logging_enabled": true,
            "client_certificate_enabled": false,
            "client_certificate_exclusion_paths": "",
            "client_certificate_mode": "Optional",
            "connection_string": [],
            "content_share_force_disabled": false,
            "custom_domain_verification_id": "C28CD2A2A0F3A3C7CDECCDC5E114AE6DDEA1A1D69ADADE326F8A9BED78DB299D",
            "daily_memory_time_quota": 0,
            "default_hostname": "cdt-bff-test.azurewebsites.net",
            "enabled": true,
            "functions_extension_version": "~4",
            "https_only": false,
            "id": "/subscriptions/c66df1ff-114b-4bfc-9088-cccef09a2c9c/resourceGroups/azure-linux-function-rg/providers/Microsoft.Web/sites/cdt-bff-test",
            "identity": [],
            "key_vault_reference_identity_id": "SystemAssigned",
            "kind": "functionapp,linux",
            "location": "westeurope",
            "name": "cdt-bff-test",
            "outbound_ip_address_list": [
              "20.76.178.227",
              "20.76.179.12",
              "20.76.179.33",
              "20.76.179.89",
              "20.76.179.194",
              "20.76.179.229",
              "20.50.2.60"
            ],
            "outbound_ip_addresses": "20.76.178.227,20.76.179.12,20.76.179.33,20.76.179.89,20.76.179.194,20.76.179.229,20.50.2.60",
            "possible_outbound_ip_address_list": [
              "20.76.178.227",
              "20.76.179.12",
              "20.76.179.33",
              "20.76.179.89",
              "20.76.179.194",
              "20.76.179.229",
              "20.76.176.247",
              "20.76.179.230",
              "20.76.179.239",
              "20.76.179.250",
              "20.76.179.253",
              "20.76.180.16",
              "20.76.180.18",
              "20.76.180.27",
              "20.76.180.29",
              "20.76.180.30",
              "20.76.180.66",
              "20.82.72.29",
              "20.82.26.76",
              "20.82.26.95",
              "20.82.26.125",
              "20.82.26.189",
              "20.82.26.197",
              "20.82.27.23",
              "20.50.2.60"
            ],
            "possible_outbound_ip_addresses": "20.76.178.227,20.76.179.12,20.76.179.33,20.76.179.89,20.76.179.194,20.76.179.229,20.76.176.247,20.76.179.230,20.76.179.239,20.76.179.250,20.76.179.253,20.76.180.16,20.76.180.18,20.76.180.27,20.76.180.29,20.76.180.30,20.76.180.66,20.82.72.29,20.82.26.76,20.82.26.95,20.82.26.125,20.82.26.189,20.82.26.197,20.82.27.23,20.50.2.60",
            "resource_group_name": "azure-linux-function-rg",
            "service_plan_id": "/subscriptions/c66df1ff-114b-4bfc-9088-cccef09a2c9c/resourceGroups/azure-linux-function-rg/providers/Microsoft.Web/serverfarms/azure-function-sp",
            "site_config": [
              {
                "always_on": false,
                "api_definition_url": "",
                "api_management_api_id": "",
                "app_command_line": "",
                "app_scale_limit": 200,
                "app_service_logs": [],
                "application_insights_connection_string": "",
                "application_insights_key": "",
                "application_stack": [
                  {
                    "docker": [],
                    "dotnet_version": "",
                    "java_version": "",
                    "node_version": "18",
                    "powershell_core_version": "",
                    "python_version": "",
                    "use_custom_runtime": false,
                    "use_dotnet_isolated_runtime": false
                  }
                ],
                "container_registry_managed_identity_client_id": "",
                "container_registry_use_managed_identity": false,
                "cors": [
                  {
                    "allowed_origins": [
                      "htttp://localhost:3000"
                    ],
                    "support_credentials": false
                  }
                ],
                "default_documents": [
                  "Default.htm",
                  "Default.html",
                  "Default.asp",
                  "index.htm",
                  "index.html",
                  "iisstart.htm",
                  "default.aspx",
                  "index.php"
                ],
                "detailed_error_logging_enabled": false,
                "elastic_instance_minimum": 0,
                "ftps_state": "Disabled",
                "health_check_eviction_time_in_min": 0,
                "health_check_path": "",
                "http2_enabled": false,
                "ip_restriction": [],
                "linux_fx_version": "NODE|18",
                "load_balancing_mode": "LeastRequests",
                "managed_pipeline_mode": "Integrated",
                "minimum_tls_version": "1.2",
                "pre_warmed_instance_count": 0,
                "remote_debugging_enabled": false,
                "remote_debugging_version": "",
                "runtime_scale_monitoring_enabled": false,
                "scm_ip_restriction": [],
                "scm_minimum_tls_version": "1.2",
                "scm_type": "None",
                "scm_use_main_ip_restriction": false,
                "use_32_bit_worker": false,
                "vnet_route_all_enabled": false,
                "websockets_enabled": false,
                "worker_count": 1
              }
            ],
            "site_credential": [
              {
                "name": "$cdt-bff-test",
                "password": "wBeFCxP2PE70NplXCfdt01GGBkYL9hNqnbkYfkxt2x2jv54tH26yccQfp44s"
              }
            ],
            "sticky_settings": [],
            "storage_account": [],
            "storage_account_access_key": "jCq74DnntBVEY1g5Ng1OqH7wjSMVjRrCI91ekh+dShc9M40woV4le5ArmcVh/xGdOPkteeyqKQF9+AStn387dQ==",
            "storage_account_name": "azurefunctionsa123",
            "storage_key_vault_secret_id": "",
            "storage_uses_managed_identity": false,
            "tags": null,
            "timeouts": null,
            "virtual_network_subnet_id": ""
          },
          "sensitive_attributes": [
            [
              {
                "type": "get_attr",
                "value": "storage_account_access_key"
              }
            ]
          ],
          "private": "eyJlMmJmYjczMC1lY2FhLTExZTYtOGY4OC0zNDM2M2JjN2M0YzAiOnsiY3JlYXRlIjoxODAwMDAwMDAwMDAwLCJkZWxldGUiOjE4MDAwMDAwMDAwMDAsInJlYWQiOjMwMDAwMDAwMDAwMCwidXBkYXRlIjoxODAwMDAwMDAwMDAwfX0=",
          "dependencies": [
            "azurerm_resource_group.azure-linux-function-rg",
            "azurerm_service_plan.azure-function-sp",
            "azurerm_storage_account.azure-function-sa"
          ]
        }
      ]
    },
    {
      "mode": "managed",
      "type": "azurerm_resource_group",
      "name": "azure-linux-function-rg",
      "provider": "provider[\"registry.terraform.io/hashicorp/azurerm\"]",
      "instances": [
        {
          "schema_version": 0,
          "attributes": {
            "id": "/subscriptions/c66df1ff-114b-4bfc-9088-cccef09a2c9c/resourceGroups/azure-linux-function-rg",
            "location": "westeurope",
            "name": "azure-linux-function-rg",
            "tags": null,
            "timeouts": null
          },
          "sensitive_attributes": [],
          "private": "eyJlMmJmYjczMC1lY2FhLTExZTYtOGY4OC0zNDM2M2JjN2M0YzAiOnsiY3JlYXRlIjo1NDAwMDAwMDAwMDAwLCJkZWxldGUiOjU0MDAwMDAwMDAwMDAsInJlYWQiOjMwMDAwMDAwMDAwMCwidXBkYXRlIjo1NDAwMDAwMDAwMDAwfX0="
        }
      ]
    },
    {
      "mode": "managed",
      "type": "azurerm_service_plan",
      "name": "azure-function-sp",
      "provider": "provider[\"registry.terraform.io/hashicorp/azurerm\"]",
      "instances": [
        {
          "schema_version": 0,
          "attributes": {
            "app_service_environment_id": "",
            "id": "/subscriptions/c66df1ff-114b-4bfc-9088-cccef09a2c9c/resourceGroups/azure-linux-function-rg/providers/Microsoft.Web/serverfarms/azure-function-sp",
            "kind": "functionapp",
            "location": "westeurope",
            "maximum_elastic_worker_count": 1,
            "name": "azure-function-sp",
            "os_type": "Linux",
            "per_site_scaling_enabled": false,
            "reserved": true,
            "resource_group_name": "azure-linux-function-rg",
            "sku_name": "Y1",
            "tags": null,
            "timeouts": null,
            "worker_count": 0,
            "zone_balancing_enabled": false
          },
          "sensitive_attributes": [],
          "private": "eyJlMmJmYjczMC1lY2FhLTExZTYtOGY4OC0zNDM2M2JjN2M0YzAiOnsiY3JlYXRlIjozNjAwMDAwMDAwMDAwLCJkZWxldGUiOjM2MDAwMDAwMDAwMDAsInJlYWQiOjMwMDAwMDAwMDAwMCwidXBkYXRlIjozNjAwMDAwMDAwMDAwfX0=",
          "dependencies": [
            "azurerm_resource_group.azure-linux-function-rg"
          ]
        }
      ]
    },
    {
      "mode": "managed",
      "type": "azurerm_storage_account",
      "name": "azure-function-sa",
      "provider": "provider[\"registry.terraform.io/hashicorp/azurerm\"]",
      "instances": [
        {
          "schema_version": 3,
          "attributes": {
            "access_tier": "Hot",
            "account_kind": "StorageV2",
            "account_replication_type": "LRS",
            "account_tier": "Standard",
            "allow_nested_items_to_be_public": true,
            "allowed_copy_scope": "",
            "azure_files_authentication": [],
            "blob_properties": [
              {
                "change_feed_enabled": false,
                "change_feed_retention_in_days": 0,
                "container_delete_retention_policy": [],
                "cors_rule": [],
                "default_service_version": "",
                "delete_retention_policy": [],
                "last_access_time_enabled": false,
                "restore_policy": [],
                "versioning_enabled": false
              }
            ],
            "cross_tenant_replication_enabled": true,
            "custom_domain": [],
            "customer_managed_key": [],
            "default_to_oauth_authentication": false,
            "edge_zone": "",
            "enable_https_traffic_only": true,
            "id": "/subscriptions/c66df1ff-114b-4bfc-9088-cccef09a2c9c/resourceGroups/azure-linux-function-rg/providers/Microsoft.Storage/storageAccounts/azurefunctionsa123",
            "identity": [],
            "immutability_policy": [],
            "infrastructure_encryption_enabled": false,
            "is_hns_enabled": false,
            "large_file_share_enabled": null,
            "location": "westeurope",
            "min_tls_version": "TLS1_2",
            "name": "azurefunctionsa123",
            "network_rules": [
              {
                "bypass": [
                  "AzureServices"
                ],
                "default_action": "Allow",
                "ip_rules": [],
                "private_link_access": [],
                "virtual_network_subnet_ids": []
              }
            ],
            "nfsv3_enabled": false,
            "primary_access_key": "jCq74DnntBVEY1g5Ng1OqH7wjSMVjRrCI91ekh+dShc9M40woV4le5ArmcVh/xGdOPkteeyqKQF9+AStn387dQ==",
            "primary_blob_connection_string": "DefaultEndpointsProtocol=https;BlobEndpoint=https://azurefunctionsa123.blob.core.windows.net/;AccountName=azurefunctionsa123;AccountKey=jCq74DnntBVEY1g5Ng1OqH7wjSMVjRrCI91ekh+dShc9M40woV4le5ArmcVh/xGdOPkteeyqKQF9+AStn387dQ==",
            "primary_blob_endpoint": "https://azurefunctionsa123.blob.core.windows.net/",
            "primary_blob_host": "azurefunctionsa123.blob.core.windows.net",
            "primary_connection_string": "DefaultEndpointsProtocol=https;AccountName=azurefunctionsa123;AccountKey=jCq74DnntBVEY1g5Ng1OqH7wjSMVjRrCI91ekh+dShc9M40woV4le5ArmcVh/xGdOPkteeyqKQF9+AStn387dQ==;EndpointSuffix=core.windows.net",
            "primary_dfs_endpoint": "https://azurefunctionsa123.dfs.core.windows.net/",
            "primary_dfs_host": "azurefunctionsa123.dfs.core.windows.net",
            "primary_file_endpoint": "https://azurefunctionsa123.file.core.windows.net/",
            "primary_file_host": "azurefunctionsa123.file.core.windows.net",
            "primary_location": "westeurope",
            "primary_queue_endpoint": "https://azurefunctionsa123.queue.core.windows.net/",
            "primary_queue_host": "azurefunctionsa123.queue.core.windows.net",
            "primary_table_endpoint": "https://azurefunctionsa123.table.core.windows.net/",
            "primary_table_host": "azurefunctionsa123.table.core.windows.net",
            "primary_web_endpoint": "https://azurefunctionsa123.z6.web.core.windows.net/",
            "primary_web_host": "azurefunctionsa123.z6.web.core.windows.net",
            "public_network_access_enabled": true,
            "queue_encryption_key_type": "Service",
            "queue_properties": [
              {
                "cors_rule": [],
                "hour_metrics": [
                  {
                    "enabled": true,
                    "include_apis": true,
                    "retention_policy_days": 7,
                    "version": "1.0"
                  }
                ],
                "logging": [
                  {
                    "delete": false,
                    "read": false,
                    "retention_policy_days": 0,
                    "version": "1.0",
                    "write": false
                  }
                ],
                "minute_metrics": [
                  {
                    "enabled": false,
                    "include_apis": false,
                    "retention_policy_days": 0,
                    "version": "1.0"
                  }
                ]
              }
            ],
            "resource_group_name": "azure-linux-function-rg",
            "routing": [],
            "sas_policy": [],
            "secondary_access_key": "HSY61nNvmw35wwjYfXcqz0MauPicYXvBR5746pdGeotjPrJ14CxkImQ2x5MKv0gxo0rHXWlGLMGq+AStvxHUbA==",
            "secondary_blob_connection_string": "",
            "secondary_blob_endpoint": null,
            "secondary_blob_host": null,
            "secondary_connection_string": "DefaultEndpointsProtocol=https;AccountName=azurefunctionsa123;AccountKey=HSY61nNvmw35wwjYfXcqz0MauPicYXvBR5746pdGeotjPrJ14CxkImQ2x5MKv0gxo0rHXWlGLMGq+AStvxHUbA==;EndpointSuffix=core.windows.net",
            "secondary_dfs_endpoint": null,
            "secondary_dfs_host": null,
            "secondary_file_endpoint": null,
            "secondary_file_host": null,
            "secondary_location": "",
            "secondary_queue_endpoint": null,
            "secondary_queue_host": null,
            "secondary_table_endpoint": null,
            "secondary_table_host": null,
            "secondary_web_endpoint": null,
            "secondary_web_host": null,
            "sftp_enabled": false,
            "share_properties": [
              {
                "cors_rule": [],
                "retention_policy": [
                  {
                    "days": 7
                  }
                ],
                "smb": []
              }
            ],
            "shared_access_key_enabled": true,
            "static_website": [],
            "table_encryption_key_type": "Service",
            "tags": null,
            "timeouts": null
          },
          "sensitive_attributes": [],
          "private": "eyJlMmJmYjczMC1lY2FhLTExZTYtOGY4OC0zNDM2M2JjN2M0YzAiOnsiY3JlYXRlIjozNjAwMDAwMDAwMDAwLCJkZWxldGUiOjM2MDAwMDAwMDAwMDAsInJlYWQiOjMwMDAwMDAwMDAwMCwidXBkYXRlIjozNjAwMDAwMDAwMDAwfSwic2NoZW1hX3ZlcnNpb24iOiIzIn0=",
          "dependencies": [
            "azurerm_resource_group.azure-linux-function-rg"
          ]
        }
      ]
    }
  ],
  "check_results": null
}
